
Microsoft Visual Studio Solution File, Format Version 12.00
# Visual Studio Version 17
VisualStudioVersion = 17.9.34607.119
MinimumVisualStudioVersion = 10.0.40219.1
Project("{9A19103F-16F7-4668-BE54-9A1E7A4F7556}") = "Smooth.Shop", "src\Smooth.Shop\Smooth.Shop.csproj", "{3353CD1F-BA26-4BC9-B3E4-CCC0F6A86521}"
EndProject
Project("{2150E333-8FDC-42A3-9474-1A3956D46DE8}") = "src", "src", "{C54AF4AA-2C52-4D2B-840C-74F4FC66F493}"
EndProject
Project("{9A19103F-16F7-4668-BE54-9A1E7A4F7556}") = "Smooth.Shop.Application", "src\Smooth.Shop.Application\Smooth.Shop.Application.csproj", "{EFD5AF87-1DC1-4624-A74E-B3406825900D}"
EndProject
Project("{9A19103F-16F7-4668-BE54-9A1E7A4F7556}") = "Smooth.Shop.FakeData", "src\Smooth.Shop.FakeData\Smooth.Shop.FakeData.csproj", "{2194D30C-0502-465B-B90B-D359963EE067}"
EndProject
Project("{9A19103F-16F7-4668-BE54-9A1E7A4F7556}") = "Smooth.Shop.Infrastructure", "src\Smooth.Shop.Infrastructure\Smooth.Shop.Infrastructure.csproj", "{95BC26A7-EFCF-48F3-91E6-F7AC4E23AEB8}"
EndProject
Project("{2150E333-8FDC-42A3-9474-1A3956D46DE8}") = "docs", "docs", "{163B6FBA-B9D7-4100-9981-10348D10165D}"
EndProject
Project("{9A19103F-16F7-4668-BE54-9A1E7A4F7556}") = "Smooth.Shared", "..\Smooth.Shared\src\Smooth.Shared\Smooth.Shared.csproj", "{7DE56265-EF7F-4504-9843-D9DBE3AB1C0C}"
EndProject
Global
	GlobalSection(SolutionConfigurationPlatforms) = preSolution
		Debug|Any CPU = Debug|Any CPU
		Release|Any CPU = Release|Any CPU
	EndGlobalSection
	GlobalSection(ProjectConfigurationPlatforms) = postSolution
		{3353CD1F-BA26-4BC9-B3E4-CCC0F6A86521}.Debug|Any CPU.ActiveCfg = Debug|Any CPU
		{3353CD1F-BA26-4BC9-B3E4-CCC0F6A86521}.Debug|Any CPU.Build.0 = Debug|Any CPU
		{3353CD1F-BA26-4BC9-B3E4-CCC0F6A86521}.Release|Any CPU.ActiveCfg = Release|Any CPU
		{3353CD1F-BA26-4BC9-B3E4-CCC0F6A86521}.Release|Any CPU.Build.0 = Release|Any CPU
		{EFD5AF87-1DC1-4624-A74E-B3406825900D}.Debug|Any CPU.ActiveCfg = Debug|Any CPU
		{EFD5AF87-1DC1-4624-A74E-B3406825900D}.Debug|Any CPU.Build.0 = Debug|Any CPU
		{EFD5AF87-1DC1-4624-A74E-B3406825900D}.Release|Any CPU.ActiveCfg = Release|Any CPU
		{EFD5AF87-1DC1-4624-A74E-B3406825900D}.Release|Any CPU.Build.0 = Release|Any CPU
		{2194D30C-0502-465B-B90B-D359963EE067}.Debug|Any CPU.ActiveCfg = Debug|Any CPU
		{2194D30C-0502-465B-B90B-D359963EE067}.Debug|Any CPU.Build.0 = Debug|Any CPU
		{2194D30C-0502-465B-B90B-D359963EE067}.Release|Any CPU.ActiveCfg = Release|Any CPU
		{2194D30C-0502-465B-B90B-D359963EE067}.Release|Any CPU.Build.0 = Release|Any CPU
		{95BC26A7-EFCF-48F3-91E6-F7AC4E23AEB8}.Debug|Any CPU.ActiveCfg = Debug|Any CPU
		{95BC26A7-EFCF-48F3-91E6-F7AC4E23AEB8}.Debug|Any CPU.Build.0 = Debug|Any CPU
		{95BC26A7-EFCF-48F3-91E6-F7AC4E23AEB8}.Release|Any CPU.ActiveCfg = Release|Any CPU
		{95BC26A7-EFCF-48F3-91E6-F7AC4E23AEB8}.Release|Any CPU.Build.0 = Release|Any CPU
		{7DE56265-EF7F-4504-9843-D9DBE3AB1C0C}.Debug|Any CPU.ActiveCfg = Debug|Any CPU
		{7DE56265-EF7F-4504-9843-D9DBE3AB1C0C}.Debug|Any CPU.Build.0 = Debug|Any CPU
		{7DE56265-EF7F-4504-9843-D9DBE3AB1C0C}.Release|Any CPU.ActiveCfg = Release|Any CPU
		{7DE56265-EF7F-4504-9843-D9DBE3AB1C0C}.Release|Any CPU.Build.0 = Release|Any CPU
	EndGlobalSection
	GlobalSection(SolutionProperties) = preSolution
		HideSolutionNode = FALSE
	EndGlobalSection
	GlobalSection(NestedProjects) = preSolution
		{3353CD1F-BA26-4BC9-B3E4-CCC0F6A86521} = {C54AF4AA-2C52-4D2B-840C-74F4FC66F493}
		{EFD5AF87-1DC1-4624-A74E-B3406825900D} = {C54AF4AA-2C52-4D2B-840C-74F4FC66F493}
		{2194D30C-0502-465B-B90B-D359963EE067} = {C54AF4AA-2C52-4D2B-840C-74F4FC66F493}
		{95BC26A7-EFCF-48F3-91E6-F7AC4E23AEB8} = {C54AF4AA-2C52-4D2B-840C-74F4FC66F493}
		{7DE56265-EF7F-4504-9843-D9DBE3AB1C0C} = {C54AF4AA-2C52-4D2B-840C-74F4FC66F493}
	EndGlobalSection
	GlobalSection(ExtensibilityGlobals) = postSolution
		SolutionGuid = {AAAB33B6-9415-4E09-8DC5-6E96545BAD8C}
	EndGlobalSection
EndGlobal
